
Microsoft Visual Studio Solution File, Format Version 12.00
# Visual Studio Version 17
VisualStudioVersion = 17.11.35208.52
MinimumVisualStudioVersion = 10.0.40219.1
Project("{FAE04EC0-301F-11D3-BF4B-00C04F79EFBC}") = "OdontoPrevApplication", "OdontoPrevApplication\OdontoPrevApplication.csproj", "{EAFEC8FC-DED7-438C-B4E9-B7D3379703F8}"
EndProject
Global
	GlobalSection(SolutionConfigurationPlatforms) = preSolution
		Debug|Any CPU = Debug|Any CPU
		Release|Any CPU = Release|Any CPU
	EndGlobalSection
	GlobalSection(ProjectConfigurationPlatforms) = postSolution
		{EAFEC8FC-DED7-438C-B4E9-B7D3379703F8}.Debug|Any CPU.ActiveCfg = Debug|Any CPU
		{EAFEC8FC-DED7-438C-B4E9-B7D3379703F8}.Debug|Any CPU.Build.0 = Debug|Any CPU
		{EAFEC8FC-DED7-438C-B4E9-B7D3379703F8}.Release|Any CPU.ActiveCfg = Release|Any CPU
		{EAFEC8FC-DED7-438C-B4E9-B7D3379703F8}.Release|Any CPU.Build.0 = Release|Any CPU
	EndGlobalSection
	GlobalSection(SolutionProperties) = preSolution
		HideSolutionNode = FALSE
	EndGlobalSection
	GlobalSection(ExtensibilityGlobals) = postSolution
		SolutionGuid = {D5F89B03-554D-4F15-8D0A-A74447780E0B}
	EndGlobalSection
EndGlobal
